# This file is autogenerated, do not edit; changes may be undone by the next 'dep ensure'.


[[projects]]
  digest = "1:f87fde65ebc99d3f1904a5f3ee37d5a4e49fb89ba3c9b12b55ff9752a0877594"
  name = "github.com/ZB-io/zbio"
  packages = [
    "client",
    "client/config",
    "log",
    "rpc/common",
    "rpc/service",
    "service/middleware/tracer",
    "tracer",
    "tracer/otel",
    "util",
  ]
  pruneopts = "UT"
  revision = "3a97a2b43035e5e1475db2b0a62799657e1f93e9"
  version = "v0.0.6"

[[projects]]
  digest = "1:2505ada8a497ded339532cfaae30c15365f4e82245a3dbaff7a8453c086b0667"
  name = "github.com/apache/thrift"
  packages = ["lib/go/thrift"]
  pruneopts = "UT"
  revision = "cecee50308fc7e6f77f55b3fd906c1c6c471fa2f"
  version = "v0.13.0"

[[projects]]
  digest = "1:ab78c0fb8f622d9634a9acf9e6d919f3f463a352aca4652604627fe9564a3db2"
  name = "github.com/golang/protobuf"
  packages = [
    "proto",
    "protoc-gen-go/descriptor",
    "ptypes",
    "ptypes/any",
    "ptypes/duration",
    "ptypes/empty",
    "ptypes/timestamp",
  ]
  pruneopts = "UT"
  revision = "6c66de79d66478d166c7ea05f5d2ccaf016fbd6b"
  version = "v1.4.1"

[[projects]]
  digest = "1:0e147d206ca6e979f30f99d11dfe85d427962ac9642a2da026cd9dd3926454d3"
  name = "github.com/grpc-ecosystem/go-grpc-middleware"
  packages = [
    ".",
    "retry",
    "util/backoffutils",
    "util/metautils",
  ]
  pruneopts = "UT"
  revision = "3c51f7f332123e8be5a157c0802a228ac85bf9db"
  version = "v1.2.0"

[[projects]]
  branch = "master"
  digest = "1:1a1206efd03a54d336dce7bb8719e74f2f8932f661cb9f57d5813a1d99c083d8"
  name = "github.com/grpc-ecosystem/grpc-opentracing"
  packages = ["go/otgrpc"]
  pruneopts = "UT"
  revision = "8e809c8a86450a29b90dcc9efbf062d0fe6d9746"

[[projects]]
  digest = "1:11e62d6050198055e6cd87ed57e5d8c669e84f839c16e16f192374d913d1a70d"
  name = "github.com/opentracing/opentracing-go"
  packages = [
    ".",
    "ext",
    "log",
  ]
  pruneopts = "UT"
  revision = "659c90643e714681897ec2521c60567dd21da733"
  version = "v1.1.0"

[[projects]]
  digest = "1:996a229503ee6f134980a1b6d68d9ef49b769f3ed85e5ef460d492389375198b"
  name = "go.opentelemetry.io/otel"
  packages = [
    "api/core",
    "api/correlation",
    "api/global",
    "api/global/internal",
    "api/key",
    "api/label",
    "api/metric",
    "api/metric/registry",
    "api/propagation",
    "api/trace",
    "api/unit",
    "exporters/trace/jaeger",
    "exporters/trace/jaeger/internal/gen-go/jaeger",
    "exporters/trace/stdout",
    "internal/trace/parent",
    "plugin/grpctrace",
    "sdk",
    "sdk/export/trace",
    "sdk/internal",
    "sdk/resource",
    "sdk/trace",
    "sdk/trace/internal",
  ]
  pruneopts = "UT"
  revision = "1de7f68bfc3b9d9f8e9c7f10ea231d0ee701c718"
  version = "v0.4.3"

[[projects]]
  digest = "1:19525e48b45af69339bd7c2812137dbd1e650a78fc09c7c75482e307d51aa28d"
  name = "go.uber.org/atomic"
  packages = ["."]
  pruneopts = "UT"
  revision = "845920076a298bdb984fb0f1b86052e4ca0a281c"
  version = "v1.6.0"

[[projects]]
  digest = "1:a23ddd39502ba94e2a72815a946d0edec801defcf0a0c0530d04acee1f455128"
  name = "go.uber.org/multierr"
  packages = ["."]
  pruneopts = "UT"
  revision = "b587143a48b62b01d337824eab43700af6ffe222"
  version = "v1.5.0"

[[projects]]
  digest = "1:8e22fc6a99b3054c643f020c29a8e5c7809e75292b4960b26b60f717a201b6dc"
  name = "go.uber.org/zap"
  packages = [
    ".",
    "buffer",
    "internal/bufferpool",
    "internal/color",
    "internal/exit",
    "zapcore",
  ]
  pruneopts = "UT"
  revision = "feeb9a050b31b40eec6f2470e7599eeeadfe5bdd"
  version = "v1.15.0"

[[projects]]
  branch = "master"
  digest = "1:81282d5d15c0b6102193c63269cb16c9a65b7fbd24bc6586ed26e5c6f309312c"
  name = "golang.org/x/net"
  packages = [
    "context",
    "http/httpguts",
    "http2",
    "http2/hpack",
    "idna",
    "internal/timeseries",
    "trace",
  ]
  pruneopts = "UT"
  revision = "7e3656a0809f6f95abd88ac65313578f80b00df2"

[[projects]]
  branch = "master"
  digest = "1:4692f916cb72b2c295f04841036d85a3f13e96d1cc9e8e4c2c30edebac518053"
  name = "golang.org/x/sync"
  packages = ["semaphore"]
  pruneopts = "UT"
  revision = "43a5402ce75a95522677f77c619865d66b8c57ab"

[[projects]]
  branch = "master"
  digest = "1:d85f9416a95aba57c985b1f48f900da97404d8258c3374cce4e49616c57bf8c9"
  name = "golang.org/x/sys"
  packages = [
    "internal/unsafeheader",
    "unix",
  ]
  pruneopts = "UT"
  revision = "7e40ca221e254089b05fb9efcd69844a57f6a367"

[[projects]]
  digest = "1:8d8faad6b12a3a4c819a3f9618cb6ee1fa1cfc33253abeeea8b55336721e3405"
  name = "golang.org/x/text"
  packages = [
    "collate",
    "collate/build",
    "internal/colltab",
    "internal/gen",
    "internal/language",
    "internal/language/compact",
    "internal/tag",
    "internal/triegen",
    "internal/ucd",
    "language",
    "secure/bidirule",
    "transform",
    "unicode/bidi",
    "unicode/cldr",
    "unicode/norm",
    "unicode/rangetable",
  ]
  pruneopts = "UT"
  revision = "342b2e1fbaa52c93f31447ad2c6abc048c63e475"
  version = "v0.3.2"

[[projects]]
  digest = "1:131bc50e116be277361bbc3e136693426a003bc57a427bb2d375c256f6a8cc61"
  name = "google.golang.org/api"
  packages = ["support/bundler"]
  pruneopts = "UT"
  revision = "4bb729045d611fa77bdbeb971f6a1204ba23161d"
  version = "v0.24.0"

[[projects]]
  branch = "master"
  digest = "1:1c2a9b5021f7fe23a6f880468633f407f8b600a67e29b10f1892ae4425085820"
  name = "google.golang.org/genproto"
  packages = ["googleapis/rpc/status"]
  pruneopts = "UT"
  revision = "f5ebc3bea3804948c8feb1e2b62323d73add1083"

[[projects]]
  digest = "1:cb06f8927e8616210275f62acfed5eb5e2aa5fbe647d6909d76be74cdcc1d448"
  name = "google.golang.org/grpc"
  packages = [
    ".",
    "attributes",
    "backoff",
    "balancer",
    "balancer/base",
    "balancer/roundrobin",
    "binarylog/grpc_binarylog_v1",
    "codes",
    "connectivity",
    "credentials",
    "credentials/internal",
    "encoding",
    "encoding/proto",
    "grpclog",
    "health/grpc_health_v1",
    "internal",
    "internal/backoff",
    "internal/balancerload",
    "internal/binarylog",
    "internal/buffer",
    "internal/channelz",
    "internal/envconfig",
    "internal/grpclog",
    "internal/grpcrand",
    "internal/grpcsync",
    "internal/grpcutil",
    "internal/resolver/dns",
    "internal/resolver/passthrough",
    "internal/status",
    "internal/syscall",
    "internal/transport",
    "keepalive",
    "metadata",
    "naming",
    "peer",
    "reflection",
    "reflection/grpc_reflection_v1alpha",
    "resolver",
    "serviceconfig",
    "stats",
    "status",
    "tap",
  ]
  pruneopts = "UT"
  revision = "754ee590a4f386d0910d887f3b8776354042260b"
  version = "v1.29.1"

[[projects]]
  digest = "1:6b9c3c1dd8e43f4f445f19b0b9cd11bb375589da399897338439112545fef6e9"
  name = "google.golang.org/protobuf"
  packages = [
    "encoding/prototext",
    "encoding/protowire",
    "internal/descfmt",
    "internal/descopts",
    "internal/detrand",
    "internal/encoding/defval",
    "internal/encoding/messageset",
    "internal/encoding/tag",
    "internal/encoding/text",
    "internal/errors",
    "internal/fieldnum",
    "internal/fieldsort",
    "internal/filedesc",
    "internal/filetype",
    "internal/flags",
    "internal/genname",
    "internal/impl",
    "internal/mapsort",
    "internal/pragma",
    "internal/set",
    "internal/strs",
    "internal/version",
    "proto",
    "reflect/protoreflect",
    "reflect/protoregistry",
    "runtime/protoiface",
    "runtime/protoimpl",
    "types/descriptorpb",
    "types/known/anypb",
    "types/known/durationpb",
    "types/known/emptypb",
    "types/known/timestamppb",
  ]
  pruneopts = "UT"
  revision = "8b0d71ac935315b10385aaaf30175de0c74bbba6"
  version = "v1.22.0"

[[projects]]
  digest = "1:c805e517269b0ba4c21ded5836019ed7d16953d4026cb7d00041d039c7906be9"
  name = "gopkg.in/natefinch/lumberjack.v2"
  packages = ["."]
  pruneopts = "UT"
  revision = "a96e63847dc3c67d17befa69c303767e2f84e54f"
  version = "v2.1"

[solve-meta]
  analyzer-name = "dep"
  analyzer-version = 1
  input-imports = [
    "github.com/ZB-io/zbio/client",
    "github.com/golang/protobuf/proto",
    "google.golang.org/grpc",
    "google.golang.org/grpc/codes",
    "google.golang.org/grpc/health/grpc_health_v1",
    "google.golang.org/grpc/reflection",
    "google.golang.org/grpc/status",
  ]
  solver-name = "gps-cdcl"
  solver-version = 1
